
Microsoft Visual Studio Solution File, Format Version 12.00
# Visual Studio Version 17
VisualStudioVersion = 17.9.34616.47
MinimumVisualStudioVersion = 10.0.40219.1
Project("{FAE04EC0-301F-11D3-BF4B-00C04F79EFBC}") = "FizzBuzzAPI", "FizzBuzzAPI\FizzBuzzAPI.csproj", "{55157B0A-A602-4577-AD2A-6008F54916DF}"
EndProject
Project("{FAE04EC0-301F-11D3-BF4B-00C04F79EFBC}") = "FizzBuzzAPITests", "FizzBuzzAPITests\FizzBuzzAPITests.csproj", "{3429B8BD-2FCA-42A0-B560-12CBC1D3A1F6}"
EndProject
Global
	GlobalSection(SolutionConfigurationPlatforms) = preSolution
		Debug|Any CPU = Debug|Any CPU
		Release|Any CPU = Release|Any CPU
	EndGlobalSection
	GlobalSection(ProjectConfigurationPlatforms) = postSolution
		{55157B0A-A602-4577-AD2A-6008F54916DF}.Debug|Any CPU.ActiveCfg = Debug|Any CPU
		{55157B0A-A602-4577-AD2A-6008F54916DF}.Debug|Any CPU.Build.0 = Debug|Any CPU
		{55157B0A-A602-4577-AD2A-6008F54916DF}.Release|Any CPU.ActiveCfg = Release|Any CPU
		{55157B0A-A602-4577-AD2A-6008F54916DF}.Release|Any CPU.Build.0 = Release|Any CPU
		{3429B8BD-2FCA-42A0-B560-12CBC1D3A1F6}.Debug|Any CPU.ActiveCfg = Debug|Any CPU
		{3429B8BD-2FCA-42A0-B560-12CBC1D3A1F6}.Debug|Any CPU.Build.0 = Debug|Any CPU
		{3429B8BD-2FCA-42A0-B560-12CBC1D3A1F6}.Release|Any CPU.ActiveCfg = Release|Any CPU
		{3429B8BD-2FCA-42A0-B560-12CBC1D3A1F6}.Release|Any CPU.Build.0 = Release|Any CPU
	EndGlobalSection
	GlobalSection(SolutionProperties) = preSolution
		HideSolutionNode = FALSE
	EndGlobalSection
	GlobalSection(ExtensibilityGlobals) = postSolution
		SolutionGuid = {498D5BC2-A1B7-4F07-9611-3CBDBC89B829}
	EndGlobalSection
EndGlobal
